
Microsoft Visual Studio Solution File, Format Version 12.00
# Visual Studio Version 17
VisualStudioVersion = 17.10.34928.147
MinimumVisualStudioVersion = 10.0.40219.1
Project("{8BC9CEB8-8B4A-11D0-8D11-00A0C91BC942}") = "Example001", "Example001\Example001.vcxproj", "{AABC9B3F-4F24-4EBF-8C14-50A507D18C57}"
EndProject
Project("{8BC9CEB8-8B4A-11D0-8D11-00A0C91BC942}") = "Example002", "Example002\Example002.vcxproj", "{B416FAC2-C7F7-4BD6-ABE6-5E8B3919F29B}"
EndProject
Project("{8BC9CEB8-8B4A-11D0-8D11-00A0C91BC942}") = "Example003", "Example003\Example003.vcxproj", "{11A491F7-CB03-467E-8D9E-AD0ED206F41A}"
EndProject
Project("{8BC9CEB8-8B4A-11D0-8D11-00A0C91BC942}") = "Example004", "Example004\Example004.vcxproj", "{DEFE0BF1-F49C-4152-AA41-B8C6994F24CB}"
EndProject
Project("{8BC9CEB8-8B4A-11D0-8D11-00A0C91BC942}") = "Example005", "Example005\Example005.vcxproj", "{C54A40D8-C14A-43C0-BEB9-12321118F9BB}"
EndProject
Project("{8BC9CEB8-8B4A-11D0-8D11-00A0C91BC942}") = "Example006", "Example006\Example006.vcxproj", "{32014759-4AB1-4A0B-A425-66C96033A3B2}"
EndProject
Project("{8BC9CEB8-8B4A-11D0-8D11-00A0C91BC942}") = "Example007", "Example007\Example007.vcxproj", "{D778E29B-1C50-4546-82E1-E6B2E0D49502}"
EndProject
Project("{8BC9CEB8-8B4A-11D0-8D11-00A0C91BC942}") = "Example008", "Example008\Example008.vcxproj", "{84A8517C-705B-489C-A426-EC0B9D59E57A}"
EndProject
Project("{8BC9CEB8-8B4A-11D0-8D11-00A0C91BC942}") = "Example009", "Example009\Example009.vcxproj", "{4E05640B-0AF2-4F53-B1AE-DCF36482007D}"
EndProject
Project("{8BC9CEB8-8B4A-11D0-8D11-00A0C91BC942}") = "Example010", "Example010\Example010.vcxproj", "{DBA88ED4-D9BE-4569-A6F4-68F0BE6FE6C6}"
EndProject
Project("{8BC9CEB8-8B4A-11D0-8D11-00A0C91BC942}") = "Example011", "Example011\Example011.vcxproj", "{52F7A75F-4A88-4B61-8242-191538705F45}"
EndProject
Project("{8BC9CEB8-8B4A-11D0-8D11-00A0C91BC942}") = "Example012", "Example012\Example012.vcxproj", "{18D2F627-C53D-409A-8672-69D844B474A6}"
EndProject
Project("{8BC9CEB8-8B4A-11D0-8D11-00A0C91BC942}") = "Example013", "Example013\Example013.vcxproj", "{96A1ED45-38B9-41AE-9F03-3E2E5158F9E5}"
EndProject
Project("{8BC9CEB8-8B4A-11D0-8D11-00A0C91BC942}") = "Example014", "Example014\Example014.vcxproj", "{7B5BBB90-A7B1-47DC-AB89-9ECA2260A98F}"
EndProject
Project("{8BC9CEB8-8B4A-11D0-8D11-00A0C91BC942}") = "Example015", "Example015\Example015.vcxproj", "{E14F4A32-4296-4EDE-AF00-EE648C1DC84E}"
EndProject
Project("{8BC9CEB8-8B4A-11D0-8D11-00A0C91BC942}") = "Example016", "Example016\Example016.vcxproj", "{56C6B1B7-8555-4D73-8AE6-35DE86B7B0A5}"
EndProject
Project("{8BC9CEB8-8B4A-11D0-8D11-00A0C91BC942}") = "Example017", "Example017\Example017.vcxproj", "{A6F55A91-7B8A-48AF-9299-353C7711DD61}"
EndProject
Project("{8BC9CEB8-8B4A-11D0-8D11-00A0C91BC942}") = "Example018", "Example018\Example018.vcxproj", "{7931AAB6-F032-4A19-9001-196CFC403401}"
EndProject
Project("{8BC9CEB8-8B4A-11D0-8D11-00A0C91BC942}") = "Example019", "Example019\Example019.vcxproj", "{F13C47AF-C6C2-46E3-8552-7C453F2B36FC}"
EndProject
Project("{8BC9CEB8-8B4A-11D0-8D11-00A0C91BC942}") = "Example020", "Example020\Example020.vcxproj", "{6FBB25C1-410E-4CA6-9C79-69ED77E21F51}"
EndProject
Project("{8BC9CEB8-8B4A-11D0-8D11-00A0C91BC942}") = "Example021", "Example021\Example021.vcxproj", "{46A7D9FA-62C0-4885-8160-DFAB52BEFC00}"
EndProject
Project("{8BC9CEB8-8B4A-11D0-8D11-00A0C91BC942}") = "Example022", "Example022\Example022.vcxproj", "{E4BA54DC-CFAD-4F68-90C0-E315B938DFC2}"
EndProject
Project("{8BC9CEB8-8B4A-11D0-8D11-00A0C91BC942}") = "Example023", "Example023\Example023.vcxproj", "{EAD1E699-02AD-4745-B0BB-43FBC3C96E65}"
EndProject
Project("{8BC9CEB8-8B4A-11D0-8D11-00A0C91BC942}") = "Example024", "Example024\Example024.vcxproj", "{3FEE6AD1-1D40-49BB-BCC4-5D911F35A51B}"
EndProject
Project("{8BC9CEB8-8B4A-11D0-8D11-00A0C91BC942}") = "Example025", "Example025\Example025.vcxproj", "{D3753A13-6656-468F-B733-58747DA4DE9B}"
EndProject
Global
	GlobalSection(SolutionConfigurationPlatforms) = preSolution
		Debug|x64 = Debug|x64
		Debug|x86 = Debug|x86
		Release|x64 = Release|x64
		Release|x86 = Release|x86
	EndGlobalSection
	GlobalSection(ProjectConfigurationPlatforms) = postSolution
		{AABC9B3F-4F24-4EBF-8C14-50A507D18C57}.Debug|x64.ActiveCfg = Debug|x64
		{AABC9B3F-4F24-4EBF-8C14-50A507D18C57}.Debug|x64.Build.0 = Debug|x64
		{AABC9B3F-4F24-4EBF-8C14-50A507D18C57}.Debug|x86.ActiveCfg = Debug|Win32
		{AABC9B3F-4F24-4EBF-8C14-50A507D18C57}.Debug|x86.Build.0 = Debug|Win32
		{AABC9B3F-4F24-4EBF-8C14-50A507D18C57}.Release|x64.ActiveCfg = Release|x64
		{AABC9B3F-4F24-4EBF-8C14-50A507D18C57}.Release|x64.Build.0 = Release|x64
		{AABC9B3F-4F24-4EBF-8C14-50A507D18C57}.Release|x86.ActiveCfg = Release|Win32
		{AABC9B3F-4F24-4EBF-8C14-50A507D18C57}.Release|x86.Build.0 = Release|Win32
		{B416FAC2-C7F7-4BD6-ABE6-5E8B3919F29B}.Debug|x64.ActiveCfg = Debug|x64
		{B416FAC2-C7F7-4BD6-ABE6-5E8B3919F29B}.Debug|x64.Build.0 = Debug|x64
		{B416FAC2-C7F7-4BD6-ABE6-5E8B3919F29B}.Debug|x86.ActiveCfg = Debug|Win32
		{B416FAC2-C7F7-4BD6-ABE6-5E8B3919F29B}.Debug|x86.Build.0 = Debug|Win32
		{B416FAC2-C7F7-4BD6-ABE6-5E8B3919F29B}.Release|x64.ActiveCfg = Release|x64
		{B416FAC2-C7F7-4BD6-ABE6-5E8B3919F29B}.Release|x64.Build.0 = Release|x64
		{B416FAC2-C7F7-4BD6-ABE6-5E8B3919F29B}.Release|x86.ActiveCfg = Release|Win32
		{B416FAC2-C7F7-4BD6-ABE6-5E8B3919F29B}.Release|x86.Build.0 = Release|Win32
		{11A491F7-CB03-467E-8D9E-AD0ED206F41A}.Debug|x64.ActiveCfg = Debug|x64
		{11A491F7-CB03-467E-8D9E-AD0ED206F41A}.Debug|x64.Build.0 = Debug|x64
		{11A491F7-CB03-467E-8D9E-AD0ED206F41A}.Debug|x86.ActiveCfg = Debug|Win32
		{11A491F7-CB03-467E-8D9E-AD0ED206F41A}.Debug|x86.Build.0 = Debug|Win32
		{11A491F7-CB03-467E-8D9E-AD0ED206F41A}.Release|x64.ActiveCfg = Release|x64
		{11A491F7-CB03-467E-8D9E-AD0ED206F41A}.Release|x64.Build.0 = Release|x64
		{11A491F7-CB03-467E-8D9E-AD0ED206F41A}.Release|x86.ActiveCfg = Release|Win32
		{11A491F7-CB03-467E-8D9E-AD0ED206F41A}.Release|x86.Build.0 = Release|Win32
		{DEFE0BF1-F49C-4152-AA41-B8C6994F24CB}.Debug|x64.ActiveCfg = Debug|x64
		{DEFE0BF1-F49C-4152-AA41-B8C6994F24CB}.Debug|x64.Build.0 = Debug|x64
		{DEFE0BF1-F49C-4152-AA41-B8C6994F24CB}.Debug|x86.ActiveCfg = Debug|Win32
		{DEFE0BF1-F49C-4152-AA41-B8C6994F24CB}.Debug|x86.Build.0 = Debug|Win32
		{DEFE0BF1-F49C-4152-AA41-B8C6994F24CB}.Release|x64.ActiveCfg = Release|x64
		{DEFE0BF1-F49C-4152-AA41-B8C6994F24CB}.Release|x64.Build.0 = Release|x64
		{DEFE0BF1-F49C-4152-AA41-B8C6994F24CB}.Release|x86.ActiveCfg = Release|Win32
		{DEFE0BF1-F49C-4152-AA41-B8C6994F24CB}.Release|x86.Build.0 = Release|Win32
		{C54A40D8-C14A-43C0-BEB9-12321118F9BB}.Debug|x64.ActiveCfg = Debug|x64
		{C54A40D8-C14A-43C0-BEB9-12321118F9BB}.Debug|x64.Build.0 = Debug|x64
		{C54A40D8-C14A-43C0-BEB9-12321118F9BB}.Debug|x86.ActiveCfg = Debug|Win32
		{C54A40D8-C14A-43C0-BEB9-12321118F9BB}.Debug|x86.Build.0 = Debug|Win32
		{C54A40D8-C14A-43C0-BEB9-12321118F9BB}.Release|x64.ActiveCfg = Release|x64
		{C54A40D8-C14A-43C0-BEB9-12321118F9BB}.Release|x64.Build.0 = Release|x64
		{C54A40D8-C14A-43C0-BEB9-12321118F9BB}.Release|x86.ActiveCfg = Release|Win32
		{C54A40D8-C14A-43C0-BEB9-12321118F9BB}.Release|x86.Build.0 = Release|Win32
		{32014759-4AB1-4A0B-A425-66C96033A3B2}.Debug|x64.ActiveCfg = Debug|x64
		{32014759-4AB1-4A0B-A425-66C96033A3B2}.Debug|x64.Build.0 = Debug|x64
		{32014759-4AB1-4A0B-A425-66C96033A3B2}.Debug|x86.ActiveCfg = Debug|Win32
		{32014759-4AB1-4A0B-A425-66C96033A3B2}.Debug|x86.Build.0 = Debug|Win32
		{32014759-4AB1-4A0B-A425-66C96033A3B2}.Release|x64.ActiveCfg = Release|x64
		{32014759-4AB1-4A0B-A425-66C96033A3B2}.Release|x64.Build.0 = Release|x64
		{32014759-4AB1-4A0B-A425-66C96033A3B2}.Release|x86.ActiveCfg = Release|Win32
		{32014759-4AB1-4A0B-A425-66C96033A3B2}.Release|x86.Build.0 = Release|Win32
		{D778E29B-1C50-4546-82E1-E6B2E0D49502}.Debug|x64.ActiveCfg = Debug|x64
		{D778E29B-1C50-4546-82E1-E6B2E0D49502}.Debug|x64.Build.0 = Debug|x64
		{D778E29B-1C50-4546-82E1-E6B2E0D49502}.Debug|x86.ActiveCfg = Debug|Win32
		{D778E29B-1C50-4546-82E1-E6B2E0D49502}.Debug|x86.Build.0 = Debug|Win32
		{D778E29B-1C50-4546-82E1-E6B2E0D49502}.Release|x64.ActiveCfg = Release|x64
		{D778E29B-1C50-4546-82E1-E6B2E0D49502}.Release|x64.Build.0 = Release|x64
		{D778E29B-1C50-4546-82E1-E6B2E0D49502}.Release|x86.ActiveCfg = Release|Win32
		{D778E29B-1C50-4546-82E1-E6B2E0D49502}.Release|x86.Build.0 = Release|Win32
		{84A8517C-705B-489C-A426-EC0B9D59E57A}.Debug|x64.ActiveCfg = Debug|x64
		{84A8517C-705B-489C-A426-EC0B9D59E57A}.Debug|x64.Build.0 = Debug|x64
		{84A8517C-705B-489C-A426-EC0B9D59E57A}.Debug|x86.ActiveCfg = Debug|Win32
		{84A8517C-705B-489C-A426-EC0B9D59E57A}.Debug|x86.Build.0 = Debug|Win32
		{84A8517C-705B-489C-A426-EC0B9D59E57A}.Release|x64.ActiveCfg = Release|x64
		{84A8517C-705B-489C-A426-EC0B9D59E57A}.Release|x64.Build.0 = Release|x64
		{84A8517C-705B-489C-A426-EC0B9D59E57A}.Release|x86.ActiveCfg = Release|Win32
		{84A8517C-705B-489C-A426-EC0B9D59E57A}.Release|x86.Build.0 = Release|Win32
		{4E05640B-0AF2-4F53-B1AE-DCF36482007D}.Debug|x64.ActiveCfg = Debug|x64
		{4E05640B-0AF2-4F53-B1AE-DCF36482007D}.Debug|x64.Build.0 = Debug|x64
		{4E05640B-0AF2-4F53-B1AE-DCF36482007D}.Debug|x86.ActiveCfg = Debug|Win32
		{4E05640B-0AF2-4F53-B1AE-DCF36482007D}.Debug|x86.Build.0 = Debug|Win32
		{4E05640B-0AF2-4F53-B1AE-DCF36482007D}.Release|x64.ActiveCfg = Release|x64
		{4E05640B-0AF2-4F53-B1AE-DCF36482007D}.Release|x64.Build.0 = Release|x64
		{4E05640B-0AF2-4F53-B1AE-DCF36482007D}.Release|x86.ActiveCfg = Release|Win32
		{4E05640B-0AF2-4F53-B1AE-DCF36482007D}.Release|x86.Build.0 = Release|Win32
		{DBA88ED4-D9BE-4569-A6F4-68F0BE6FE6C6}.Debug|x64.ActiveCfg = Debug|x64
		{DBA88ED4-D9BE-4569-A6F4-68F0BE6FE6C6}.Debug|x64.Build.0 = Debug|x64
		{DBA88ED4-D9BE-4569-A6F4-68F0BE6FE6C6}.Debug|x86.ActiveCfg = Debug|Win32
		{DBA88ED4-D9BE-4569-A6F4-68F0BE6FE6C6}.Debug|x86.Build.0 = Debug|Win32
		{DBA88ED4-D9BE-4569-A6F4-68F0BE6FE6C6}.Release|x64.ActiveCfg = Release|x64
		{DBA88ED4-D9BE-4569-A6F4-68F0BE6FE6C6}.Release|x64.Build.0 = Release|x64
		{DBA88ED4-D9BE-4569-A6F4-68F0BE6FE6C6}.Release|x86.ActiveCfg = Release|Win32
		{DBA88ED4-D9BE-4569-A6F4-68F0BE6FE6C6}.Release|x86.Build.0 = Release|Win32
		{52F7A75F-4A88-4B61-8242-191538705F45}.Debug|x64.ActiveCfg = Debug|x64
		{52F7A75F-4A88-4B61-8242-191538705F45}.Debug|x64.Build.0 = Debug|x64
		{52F7A75F-4A88-4B61-8242-191538705F45}.Debug|x86.ActiveCfg = Debug|Win32
		{52F7A75F-4A88-4B61-8242-191538705F45}.Debug|x86.Build.0 = Debug|Win32
		{52F7A75F-4A88-4B61-8242-191538705F45}.Release|x64.ActiveCfg = Release|x64
		{52F7A75F-4A88-4B61-8242-191538705F45}.Release|x64.Build.0 = Release|x64
		{52F7A75F-4A88-4B61-8242-191538705F45}.Release|x86.ActiveCfg = Release|Win32
		{52F7A75F-4A88-4B61-8242-191538705F45}.Release|x86.Build.0 = Release|Win32
		{18D2F627-C53D-409A-8672-69D844B474A6}.Debug|x64.ActiveCfg = Debug|x64
		{18D2F627-C53D-409A-8672-69D844B474A6}.Debug|x64.Build.0 = Debug|x64
		{18D2F627-C53D-409A-8672-69D844B474A6}.Debug|x86.ActiveCfg = Debug|Win32
		{18D2F627-C53D-409A-8672-69D844B474A6}.Debug|x86.Build.0 = Debug|Win32
		{18D2F627-C53D-409A-8672-69D844B474A6}.Release|x64.ActiveCfg = Release|x64
		{18D2F627-C53D-409A-8672-69D844B474A6}.Release|x64.Build.0 = Release|x64
		{18D2F627-C53D-409A-8672-69D844B474A6}.Release|x86.ActiveCfg = Release|Win32
		{18D2F627-C53D-409A-8672-69D844B474A6}.Release|x86.Build.0 = Release|Win32
		{96A1ED45-38B9-41AE-9F03-3E2E5158F9E5}.Debug|x64.ActiveCfg = Debug|x64
		{96A1ED45-38B9-41AE-9F03-3E2E5158F9E5}.Debug|x64.Build.0 = Debug|x64
		{96A1ED45-38B9-41AE-9F03-3E2E5158F9E5}.Debug|x86.ActiveCfg = Debug|Win32
		{96A1ED45-38B9-41AE-9F03-3E2E5158F9E5}.Debug|x86.Build.0 = Debug|Win32
		{96A1ED45-38B9-41AE-9F03-3E2E5158F9E5}.Release|x64.ActiveCfg = Release|x64
		{96A1ED45-38B9-41AE-9F03-3E2E5158F9E5}.Release|x64.Build.0 = Release|x64
		{96A1ED45-38B9-41AE-9F03-3E2E5158F9E5}.Release|x86.ActiveCfg = Release|Win32
		{96A1ED45-38B9-41AE-9F03-3E2E5158F9E5}.Release|x86.Build.0 = Release|Win32
		{7B5BBB90-A7B1-47DC-AB89-9ECA2260A98F}.Debug|x64.ActiveCfg = Debug|x64
		{7B5BBB90-A7B1-47DC-AB89-9ECA2260A98F}.Debug|x64.Build.0 = Debug|x64
		{7B5BBB90-A7B1-47DC-AB89-9ECA2260A98F}.Debug|x86.ActiveCfg = Debug|Win32
		{7B5BBB90-A7B1-47DC-AB89-9ECA2260A98F}.Debug|x86.Build.0 = Debug|Win32
		{7B5BBB90-A7B1-47DC-AB89-9ECA2260A98F}.Release|x64.ActiveCfg = Release|x64
		{7B5BBB90-A7B1-47DC-AB89-9ECA2260A98F}.Release|x64.Build.0 = Release|x64
		{7B5BBB90-A7B1-47DC-AB89-9ECA2260A98F}.Release|x86.ActiveCfg = Release|Win32
		{7B5BBB90-A7B1-47DC-AB89-9ECA2260A98F}.Release|x86.Build.0 = Release|Win32
		{E14F4A32-4296-4EDE-AF00-EE648C1DC84E}.Debug|x64.ActiveCfg = Debug|x64
		{E14F4A32-4296-4EDE-AF00-EE648C1DC84E}.Debug|x64.Build.0 = Debug|x64
		{E14F4A32-4296-4EDE-AF00-EE648C1DC84E}.Debug|x86.ActiveCfg = Debug|Win32
		{E14F4A32-4296-4EDE-AF00-EE648C1DC84E}.Debug|x86.Build.0 = Debug|Win32
		{E14F4A32-4296-4EDE-AF00-EE648C1DC84E}.Release|x64.ActiveCfg = Release|x64
		{E14F4A32-4296-4EDE-AF00-EE648C1DC84E}.Release|x64.Build.0 = Release|x64
		{E14F4A32-4296-4EDE-AF00-EE648C1DC84E}.Release|x86.ActiveCfg = Release|Win32
		{E14F4A32-4296-4EDE-AF00-EE648C1DC84E}.Release|x86.Build.0 = Release|Win32
		{56C6B1B7-8555-4D73-8AE6-35DE86B7B0A5}.Debug|x64.ActiveCfg = Debug|x64
		{56C6B1B7-8555-4D73-8AE6-35DE86B7B0A5}.Debug|x64.Build.0 = Debug|x64
		{56C6B1B7-8555-4D73-8AE6-35DE86B7B0A5}.Debug|x86.ActiveCfg = Debug|Win32
		{56C6B1B7-8555-4D73-8AE6-35DE86B7B0A5}.Debug|x86.Build.0 = Debug|Win32
		{56C6B1B7-8555-4D73-8AE6-35DE86B7B0A5}.Release|x64.ActiveCfg = Release|x64
		{56C6B1B7-8555-4D73-8AE6-35DE86B7B0A5}.Release|x64.Build.0 = Release|x64
		{56C6B1B7-8555-4D73-8AE6-35DE86B7B0A5}.Release|x86.ActiveCfg = Release|Win32
		{56C6B1B7-8555-4D73-8AE6-35DE86B7B0A5}.Release|x86.Build.0 = Release|Win32
		{A6F55A91-7B8A-48AF-9299-353C7711DD61}.Debug|x64.ActiveCfg = Debug|x64
		{A6F55A91-7B8A-48AF-9299-353C7711DD61}.Debug|x64.Build.0 = Debug|x64
		{A6F55A91-7B8A-48AF-9299-353C7711DD61}.Debug|x86.ActiveCfg = Debug|Win32
		{A6F55A91-7B8A-48AF-9299-353C7711DD61}.Debug|x86.Build.0 = Debug|Win32
		{A6F55A91-7B8A-48AF-9299-353C7711DD61}.Release|x64.ActiveCfg = Release|x64
		{A6F55A91-7B8A-48AF-9299-353C7711DD61}.Release|x64.Build.0 = Release|x64
		{A6F55A91-7B8A-48AF-9299-353C7711DD61}.Release|x86.ActiveCfg = Release|Win32
		{A6F55A91-7B8A-48AF-9299-353C7711DD61}.Release|x86.Build.0 = Release|Win32
		{7931AAB6-F032-4A19-9001-196CFC403401}.Debug|x64.ActiveCfg = Debug|x64
		{7931AAB6-F032-4A19-9001-196CFC403401}.Debug|x64.Build.0 = Debug|x64
		{7931AAB6-F032-4A19-9001-196CFC403401}.Debug|x86.ActiveCfg = Debug|Win32
		{7931AAB6-F032-4A19-9001-196CFC403401}.Debug|x86.Build.0 = Debug|Win32
		{7931AAB6-F032-4A19-9001-196CFC403401}.Release|x64.ActiveCfg = Release|x64
		{7931AAB6-F032-4A19-9001-196CFC403401}.Release|x64.Build.0 = Release|x64
		{7931AAB6-F032-4A19-9001-196CFC403401}.Release|x86.ActiveCfg = Release|Win32
		{7931AAB6-F032-4A19-9001-196CFC403401}.Release|x86.Build.0 = Release|Win32
		{F13C47AF-C6C2-46E3-8552-7C453F2B36FC}.Debug|x64.ActiveCfg = Debug|x64
		{F13C47AF-C6C2-46E3-8552-7C453F2B36FC}.Debug|x64.Build.0 = Debug|x64
		{F13C47AF-C6C2-46E3-8552-7C453F2B36FC}.Debug|x86.ActiveCfg = Debug|Win32
		{F13C47AF-C6C2-46E3-8552-7C453F2B36FC}.Debug|x86.Build.0 = Debug|Win32
		{F13C47AF-C6C2-46E3-8552-7C453F2B36FC}.Release|x64.ActiveCfg = Release|x64
		{F13C47AF-C6C2-46E3-8552-7C453F2B36FC}.Release|x64.Build.0 = Release|x64
		{F13C47AF-C6C2-46E3-8552-7C453F2B36FC}.Release|x86.ActiveCfg = Release|Win32
		{F13C47AF-C6C2-46E3-8552-7C453F2B36FC}.Release|x86.Build.0 = Release|Win32
		{6FBB25C1-410E-4CA6-9C79-69ED77E21F51}.Debug|x64.ActiveCfg = Debug|x64
		{6FBB25C1-410E-4CA6-9C79-69ED77E21F51}.Debug|x64.Build.0 = Debug|x64
		{6FBB25C1-410E-4CA6-9C79-69ED77E21F51}.Debug|x86.ActiveCfg = Debug|Win32
		{6FBB25C1-410E-4CA6-9C79-69ED77E21F51}.Debug|x86.Build.0 = Debug|Win32
		{6FBB25C1-410E-4CA6-9C79-69ED77E21F51}.Release|x64.ActiveCfg = Release|x64
		{6FBB25C1-410E-4CA6-9C79-69ED77E21F51}.Release|x64.Build.0 = Release|x64
		{6FBB25C1-410E-4CA6-9C79-69ED77E21F51}.Release|x86.ActiveCfg = Release|Win32
		{6FBB25C1-410E-4CA6-9C79-69ED77E21F51}.Release|x86.Build.0 = Release|Win32
		{46A7D9FA-62C0-4885-8160-DFAB52BEFC00}.Debug|x64.ActiveCfg = Debug|x64
		{46A7D9FA-62C0-4885-8160-DFAB52BEFC00}.Debug|x64.Build.0 = Debug|x64
		{46A7D9FA-62C0-4885-8160-DFAB52BEFC00}.Debug|x86.ActiveCfg = Debug|Win32
		{46A7D9FA-62C0-4885-8160-DFAB52BEFC00}.Debug|x86.Build.0 = Debug|Win32
		{46A7D9FA-62C0-4885-8160-DFAB52BEFC00}.Release|x64.ActiveCfg = Release|x64
		{46A7D9FA-62C0-4885-8160-DFAB52BEFC00}.Release|x64.Build.0 = Release|x64
		{46A7D9FA-62C0-4885-8160-DFAB52BEFC00}.Release|x86.ActiveCfg = Release|Win32
		{46A7D9FA-62C0-4885-8160-DFAB52BEFC00}.Release|x86.Build.0 = Release|Win32
		{E4BA54DC-CFAD-4F68-90C0-E315B938DFC2}.Debug|x64.ActiveCfg = Debug|x64
		{E4BA54DC-CFAD-4F68-90C0-E315B938DFC2}.Debug|x64.Build.0 = Debug|x64
		{E4BA54DC-CFAD-4F68-90C0-E315B938DFC2}.Debug|x86.ActiveCfg = Debug|Win32
		{E4BA54DC-CFAD-4F68-90C0-E315B938DFC2}.Debug|x86.Build.0 = Debug|Win32
		{E4BA54DC-CFAD-4F68-90C0-E315B938DFC2}.Release|x64.ActiveCfg = Release|x64
		{E4BA54DC-CFAD-4F68-90C0-E315B938DFC2}.Release|x64.Build.0 = Release|x64
		{E4BA54DC-CFAD-4F68-90C0-E315B938DFC2}.Release|x86.ActiveCfg = Release|Win32
		{E4BA54DC-CFAD-4F68-90C0-E315B938DFC2}.Release|x86.Build.0 = Release|Win32
		{EAD1E699-02AD-4745-B0BB-43FBC3C96E65}.Debug|x64.ActiveCfg = Debug|x64
		{EAD1E699-02AD-4745-B0BB-43FBC3C96E65}.Debug|x64.Build.0 = Debug|x64
		{EAD1E699-02AD-4745-B0BB-43FBC3C96E65}.Debug|x86.ActiveCfg = Debug|Win32
		{EAD1E699-02AD-4745-B0BB-43FBC3C96E65}.Debug|x86.Build.0 = Debug|Win32
		{EAD1E699-02AD-4745-B0BB-43FBC3C96E65}.Release|x64.ActiveCfg = Release|x64
		{EAD1E699-02AD-4745-B0BB-43FBC3C96E65}.Release|x64.Build.0 = Release|x64
		{EAD1E699-02AD-4745-B0BB-43FBC3C96E65}.Release|x86.ActiveCfg = Release|Win32
		{EAD1E699-02AD-4745-B0BB-43FBC3C96E65}.Release|x86.Build.0 = Release|Win32
		{3FEE6AD1-1D40-49BB-BCC4-5D911F35A51B}.Debug|x64.ActiveCfg = Debug|x64
		{3FEE6AD1-1D40-49BB-BCC4-5D911F35A51B}.Debug|x64.Build.0 = Debug|x64
		{3FEE6AD1-1D40-49BB-BCC4-5D911F35A51B}.Debug|x86.ActiveCfg = Debug|Win32
		{3FEE6AD1-1D40-49BB-BCC4-5D911F35A51B}.Debug|x86.Build.0 = Debug|Win32
		{3FEE6AD1-1D40-49BB-BCC4-5D911F35A51B}.Release|x64.ActiveCfg = Release|x64
		{3FEE6AD1-1D40-49BB-BCC4-5D911F35A51B}.Release|x64.Build.0 = Release|x64
		{3FEE6AD1-1D40-49BB-BCC4-5D911F35A51B}.Release|x86.ActiveCfg = Release|Win32
		{3FEE6AD1-1D40-49BB-BCC4-5D911F35A51B}.Release|x86.Build.0 = Release|Win32
		{D3753A13-6656-468F-B733-58747DA4DE9B}.Debug|x64.ActiveCfg = Debug|x64
		{D3753A13-6656-468F-B733-58747DA4DE9B}.Debug|x64.Build.0 = Debug|x64
		{D3753A13-6656-468F-B733-58747DA4DE9B}.Debug|x86.ActiveCfg = Debug|Win32
		{D3753A13-6656-468F-B733-58747DA4DE9B}.Debug|x86.Build.0 = Debug|Win32
		{D3753A13-6656-468F-B733-58747DA4DE9B}.Release|x64.ActiveCfg = Release|x64
		{D3753A13-6656-468F-B733-58747DA4DE9B}.Release|x64.Build.0 = Release|x64
		{D3753A13-6656-468F-B733-58747DA4DE9B}.Release|x86.ActiveCfg = Release|Win32
		{D3753A13-6656-468F-B733-58747DA4DE9B}.Release|x86.Build.0 = Release|Win32
	EndGlobalSection
	GlobalSection(SolutionProperties) = preSolution
		HideSolutionNode = FALSE
	EndGlobalSection
	GlobalSection(ExtensibilityGlobals) = postSolution
		SolutionGuid = {ABA3C2CE-C9B8-47CD-BAC9-3E205DBDCB76}
	EndGlobalSection
EndGlobal
